# THIS IS AN AUTOGENERATED FILE. DO NOT EDIT THIS FILE DIRECTLY.
# yarn lockfile v1
# yarn v0.25.2
# node v17.9.0


"@types/node@^12.7.2":
  version "12.20.55"
  resolved "https://registry.yarnpkg.com/@types/node/-/node-12.20.55.tgz#c329cbd434c42164f846b909bd6f85b5537f6240"

"@types/node@^17.0.21":
  version "17.0.45"
  resolved "https://registry.yarnpkg.com/@types/node/-/node-17.0.45.tgz#2c0fafd78705e7a18b7906b5201a522719dc5190"

ansi-styles@^4.1.0:
  version "4.3.0"
  resolved "https://registry.yarnpkg.com/ansi-styles/-/ansi-styles-4.3.0.tgz#edd803628ae71c04c85ae7a0906edad34b648937"
  dependencies:
    color-convert "^2.0.1"

axios@^0.26.1:
  version "0.26.1"
  resolved "https://registry.yarnpkg.com/axios/-/axios-0.26.1.tgz#1ede41c51fcf51bbbd6fd43669caaa4f0495aaa9"
  dependencies:
    follow-redirects "^1.14.8"

binary-parser-encoder@^1.4.4:
  version "1.5.3"
  resolved "https://registry.yarnpkg.com/binary-parser-encoder/-/binary-parser-encoder-1.5.3.tgz#c329a65f5a09d64bf0198e6ac908856048861d94"
  dependencies:
    smart-buffer "^4.1.0"

chalk@^4.1.2:
  version "4.1.2"
  resolved "https://registry.yarnpkg.com/chalk/-/chalk-4.1.2.tgz#aac4e2b7734a740867aeb16bf02aad556a1e7a01"
  dependencies:
    ansi-styles "^4.1.0"
    supports-color "^7.1.0"

color-convert@^2.0.1:
  version "2.0.1"
  resolved "https://registry.yarnpkg.com/color-convert/-/color-convert-2.0.1.tgz#72d3a68d598c9bdb3af2ad1e84f21d896abd4de3"
  dependencies:
    color-name "~1.1.4"

color-name@~1.1.4:
  version "1.1.4"
  resolved "https://registry.yarnpkg.com/color-name/-/color-name-1.1.4.tgz#c2a09a87acbde69543de6f63fa3995c826c536a2"

console-stamp@^3.0.6:
  version "3.0.6"
  resolved "https://registry.yarnpkg.com/console-stamp/-/console-stamp-3.0.6.tgz#c4481787df420172f194d6e5f4a93ed78857cb18"
  dependencies:
    chalk "^4.1.2"
    dateformat "^4.6.3"

dateformat@^4.6.3:
  version "4.6.3"
  resolved "https://registry.yarnpkg.com/dateformat/-/dateformat-4.6.3.tgz#556fa6497e5217fedb78821424f8a1c22fa3f4b5"

dotenv@^16.0.1:
  version "16.0.1"
  resolved "https://registry.yarnpkg.com/dotenv/-/dotenv-16.0.1.tgz#8f8f9d94876c35dac989876a5d3a82a267fdce1d"

follow-redirects@^1.14.8, follow-redirects@^1.14.9:
  version "1.15.1"
  resolved "https://registry.yarnpkg.com/follow-redirects/-/follow-redirects-1.15.1.tgz#0ca6a452306c9b276e4d3127483e29575e207ad5"

fs@^0.0.1-security:
  version "0.0.1-security"
  resolved "https://registry.yarnpkg.com/fs/-/fs-0.0.1-security.tgz#8a7bd37186b6dddf3813f23858b57ecaaf5e41d4"

has-flag@^4.0.0:
  version "4.0.0"
  resolved "https://registry.yarnpkg.com/has-flag/-/has-flag-4.0.0.tgz#944771fd9c81c81265c4d6941860da06bb59479b"

pteroly@^1.7.8:
  version "1.7.8"
  resolved "https://registry.yarnpkg.com/pteroly/-/pteroly-1.7.8.tgz#3d5088771b7ac82f5cd8f5e2fd3c7697cf254b2f"
  dependencies:
    "@types/node" "^17.0.21"
    axios "^0.26.1"
    follow-redirects "^1.14.9"
    fs "^0.0.1-security"
    typescript "^4.6.2"
    ws "^8.5.0"

smart-buffer@^4.1.0:
  version "4.2.0"
  resolved "https://registry.yarnpkg.com/smart-buffer/-/smart-buffer-4.2.0.tgz#6e1d71fa4f18c05f7d0ff216dd16a481d0e8d9ae"

sub-rosa-servers@^1.1.0:
  version "1.1.0"
  resolved "https://registry.yarnpkg.com/sub-rosa-servers/-/sub-rosa-servers-1.1.0.tgz#f8803618622975a0a1ebf5558d6ae2688b880ee6"
  dependencies:
    "@types/node" "^12.7.2"
    binary-parser-encoder "^1.4.4"

supports-color@^7.1.0:
  version "7.2.0"
  resolved "https://registry.yarnpkg.com/supports-color/-/supports-color-7.2.0.tgz#1b7dcdcb32b8138801b3e478ba6a51caa89648da"
  dependencies:
    has-flag "^4.0.0"

typescript@^4.6.2:
  version "4.7.4"
  resolved "https://registry.yarnpkg.com/typescript/-/typescript-4.7.4.tgz#1a88596d1cf47d59507a1bcdfb5b9dfe4d488235"

ws@^8.5.0:
  version "8.8.0"
  resolved "https://registry.yarnpkg.com/ws/-/ws-8.8.0.tgz#8e71c75e2f6348dbf8d78005107297056cb77769"
